
Microsoft Visual Studio Solution File, Format Version 12.00
# Visual Studio 15
VisualStudioVersion = 15.0.27130.2010
MinimumVisualStudioVersion = 10.0.40219.1
Project("{FAE04EC0-301F-11D3-BF4B-00C04F79EFBC}") = "1BasicOperationService", "Demo1Service\1BasicOperationService.csproj", "{164A400E-A27C-4448-9D51-6E00E89C2DC0}"
EndProject
Project("{2150E333-8FDC-42A3-9474-1A3956D46DE8}") = "1.NetRemoting", "1.NetRemoting", "{FA29721B-25B1-4863-83D3-40BD8920EA32}"
EndProject
Project("{FAE04EC0-301F-11D3-BF4B-00C04F79EFBC}") = "1BasicOperationClient", "Demo1Client\1BasicOperationClient.csproj", "{1C00BFFC-E8C8-4FC1-8B94-AC15C8638AB8}"
EndProject
Project("{2150E333-8FDC-42A3-9474-1A3956D46DE8}") = "1.NetRemotingData", "1.NetRemotingData", "{3B76F4EA-6D19-4FC7-BE4D-AD7F690DE42A}"
EndProject
Project("{FAE04EC0-301F-11D3-BF4B-00C04F79EFBC}") = "0StoreDatabase", "0StoreDatabase\0StoreDatabase.csproj", "{4572A281-1882-44FA-AF6C-B30BF5049C27}"
EndProject
Project("{FAE04EC0-301F-11D3-BF4B-00C04F79EFBC}") = "0AppDomainDemo", "0AppDomainDemo\0AppDomainDemo.csproj", "{CBD78206-8C2F-4449-B058-153DE35F76CF}"
EndProject
Project("{FAE04EC0-301F-11D3-BF4B-00C04F79EFBC}") = "ClassLib", "ClassLib\ClassLib.csproj", "{23E2BA5E-405F-4081-9AA0-E7371A0367FB}"
EndProject
Project("{FAE04EC0-301F-11D3-BF4B-00C04F79EFBC}") = "SharedLib", "SharedLib\SharedLib.csproj", "{8294DD32-6ED9-4C79-B842-87825D36E371}"
EndProject
Project("{FAE04EC0-301F-11D3-BF4B-00C04F79EFBC}") = "ServerLib", "ServerLib\ServerLib.csproj", "{E04FC8C6-58BD-4B54-8B7C-5A4D703206B4}"
EndProject
Project("{FAE04EC0-301F-11D3-BF4B-00C04F79EFBC}") = "2RemoveServerRealizationClient", "2RemoveServerRealizationClient\2RemoveServerRealizationClient.csproj", "{3C79E533-5AAD-4821-B352-C7C8967F2203}"
EndProject
Project("{FAE04EC0-301F-11D3-BF4B-00C04F79EFBC}") = "2RemoveServerRealizationServer", "2RemoveServerRealizationServer\2RemoveServerRealizationServer.csproj", "{72A084D7-B975-4145-9F6B-5AE4A29D25CF}"
EndProject
Project("{FAE04EC0-301F-11D3-BF4B-00C04F79EFBC}") = "3RemoteCallbackServer", "3RemoteCallbackServer\3RemoteCallbackServer.csproj", "{93B4A31A-45BB-4D36-A2EA-A41F42706E6A}"
EndProject
Project("{FAE04EC0-301F-11D3-BF4B-00C04F79EFBC}") = "3RemoteCallbackClient", "3RemoteCallbackClient\3RemoteCallbackClient.csproj", "{560B3C00-47C5-4613-9260-3580156DEBAA}"
EndProject
Project("{FAE04EC0-301F-11D3-BF4B-00C04F79EFBC}") = "ShareAssembly", "ShareAssembly\ShareAssembly.csproj", "{DB438F0E-0A80-4591-81C2-38B0E1027A0A}"
EndProject
Project("{FAE04EC0-301F-11D3-BF4B-00C04F79EFBC}") = "4CounterService", "4CounterService\4CounterService.csproj", "{8C358381-2AB8-4207-8832-265D2214BE10}"
EndProject
Project("{FAE04EC0-301F-11D3-BF4B-00C04F79EFBC}") = "4LifeTimeManagementServer", "4LifeTimeManagementServer\4LifeTimeManagementServer.csproj", "{7A10E0E5-00C6-4337-985B-9DD15F8AF88D}"
EndProject
Project("{FAE04EC0-301F-11D3-BF4B-00C04F79EFBC}") = "4LifeTimeManagementClient", "4LifeTimeManagementClient\4LifeTimeManagementClient.csproj", "{4F504093-C521-4453-AAA0-45A374498E7C}"
EndProject
Project("{2150E333-8FDC-42A3-9474-1A3956D46DE8}") = "0Network", "0Network", "{5B1B80E9-8AAF-4994-A88E-77C8375263C7}"
EndProject
Project("{FAE04EC0-301F-11D3-BF4B-00C04F79EFBC}") = "1BasicOperationClient", "1.BasicOperationDemo\1BasicOperationClient.csproj", "{E6C48409-DE41-4E49-9CFC-106BBB0FB526}"
EndProject
Project("{FAE04EC0-301F-11D3-BF4B-00C04F79EFBC}") = "1BasicOperationServer", "1BasicOperationServer\1BasicOperationServer.csproj", "{5CA63350-F83D-4DDB-BB1F-5770BDE2922B}"
EndProject
Project("{FAE04EC0-301F-11D3-BF4B-00C04F79EFBC}") = "0SimpleWebChat", "0SimpleWebChat\0SimpleWebChat.csproj", "{0E082345-AA0B-474C-B191-31C5AE1B2E5D}"
EndProject
Project("{2150E333-8FDC-42A3-9474-1A3956D46DE8}") = "3.Orleans", "3.Orleans", "{B971B0DA-6EC9-45F9-9E77-4F2D4C0A45D9}"
EndProject
Project("{FAE04EC0-301F-11D3-BF4B-00C04F79EFBC}") = "1OlreansTestDemo-Interfaces", "Orleans\1OlreansTestDemo-Interfaces\1OlreansTestDemo-Interfaces.csproj", "{B6F42B0A-A0A8-4BB0-BCCE-3B55251EC6EA}"
EndProject
Project("{FAE04EC0-301F-11D3-BF4B-00C04F79EFBC}") = "1OrleansDemoTest-Client", "Orleans\1OrleansDemoTest-Client\1OrleansDemoTest-Client.csproj", "{A92F69A8-61F2-48B2-9BA0-8744DF8EB3A5}"
EndProject
Project("{FAE04EC0-301F-11D3-BF4B-00C04F79EFBC}") = "1OrleansTestDemo-Grains", "Orleans\1OrleansTestDemo-Grains\1OrleansTestDemo-Grains.csproj", "{748BEB69-D118-4E17-BE0D-7F2899AF6D22}"
EndProject
Project("{FAE04EC0-301F-11D3-BF4B-00C04F79EFBC}") = "1OrleansTestDemo-Silo", "Orleans\1OrleansTestDemo-Silo\1OrleansTestDemo-Silo.csproj", "{5204971E-57DB-498C-B6AB-2FC9359F83DC}"
EndProject
Project("{FAE04EC0-301F-11D3-BF4B-00C04F79EFBC}") = "2OrleansGrainStateDemo-Interface", "Orleans\2OrleansGrainStateDemo-Interface\2OrleansGrainStateDemo-Interface.csproj", "{7B0FC86F-BEC8-4F68-95AD-371FD5767541}"
EndProject
Project("{FAE04EC0-301F-11D3-BF4B-00C04F79EFBC}") = "2OrleansGrainStateDemo-Silo", "Orleans\2OrleansGrainStateDemo-Silo\2OrleansGrainStateDemo-Silo.csproj", "{2A5D4EDE-7C1F-44CB-93A7-BD109CCC8171}"
EndProject
Project("{FAE04EC0-301F-11D3-BF4B-00C04F79EFBC}") = "2OrleansGrainStateDemo-Grains", "Orleans\2OrleansGrainStateDemo-Grains\2OrleansGrainStateDemo-Grains.csproj", "{E06B24E9-9044-4912-B9BE-27D52037DC9E}"
EndProject
Project("{FAE04EC0-301F-11D3-BF4B-00C04F79EFBC}") = "2OrleansGrainStateDemo-Client", "Orleans\2OrleansGrainStateDemo-Client\2OrleansGrainStateDemo-Client.csproj", "{8C3F893E-B9E9-427E-BDE6-C2D37D986CCD}"
EndProject
Global
	GlobalSection(SolutionConfigurationPlatforms) = preSolution
		Debug|Any CPU = Debug|Any CPU
		Release|Any CPU = Release|Any CPU
	EndGlobalSection
	GlobalSection(ProjectConfigurationPlatforms) = postSolution
		{164A400E-A27C-4448-9D51-6E00E89C2DC0}.Debug|Any CPU.ActiveCfg = Debug|Any CPU
		{164A400E-A27C-4448-9D51-6E00E89C2DC0}.Debug|Any CPU.Build.0 = Debug|Any CPU
		{164A400E-A27C-4448-9D51-6E00E89C2DC0}.Release|Any CPU.ActiveCfg = Release|Any CPU
		{164A400E-A27C-4448-9D51-6E00E89C2DC0}.Release|Any CPU.Build.0 = Release|Any CPU
		{1C00BFFC-E8C8-4FC1-8B94-AC15C8638AB8}.Debug|Any CPU.ActiveCfg = Debug|Any CPU
		{1C00BFFC-E8C8-4FC1-8B94-AC15C8638AB8}.Debug|Any CPU.Build.0 = Debug|Any CPU
		{1C00BFFC-E8C8-4FC1-8B94-AC15C8638AB8}.Release|Any CPU.ActiveCfg = Release|Any CPU
		{1C00BFFC-E8C8-4FC1-8B94-AC15C8638AB8}.Release|Any CPU.Build.0 = Release|Any CPU
		{4572A281-1882-44FA-AF6C-B30BF5049C27}.Debug|Any CPU.ActiveCfg = Debug|Any CPU
		{4572A281-1882-44FA-AF6C-B30BF5049C27}.Debug|Any CPU.Build.0 = Debug|Any CPU
		{4572A281-1882-44FA-AF6C-B30BF5049C27}.Release|Any CPU.ActiveCfg = Release|Any CPU
		{4572A281-1882-44FA-AF6C-B30BF5049C27}.Release|Any CPU.Build.0 = Release|Any CPU
		{CBD78206-8C2F-4449-B058-153DE35F76CF}.Debug|Any CPU.ActiveCfg = Debug|Any CPU
		{CBD78206-8C2F-4449-B058-153DE35F76CF}.Debug|Any CPU.Build.0 = Debug|Any CPU
		{CBD78206-8C2F-4449-B058-153DE35F76CF}.Release|Any CPU.ActiveCfg = Release|Any CPU
		{CBD78206-8C2F-4449-B058-153DE35F76CF}.Release|Any CPU.Build.0 = Release|Any CPU
		{23E2BA5E-405F-4081-9AA0-E7371A0367FB}.Debug|Any CPU.ActiveCfg = Debug|Any CPU
		{23E2BA5E-405F-4081-9AA0-E7371A0367FB}.Debug|Any CPU.Build.0 = Debug|Any CPU
		{23E2BA5E-405F-4081-9AA0-E7371A0367FB}.Release|Any CPU.ActiveCfg = Release|Any CPU
		{23E2BA5E-405F-4081-9AA0-E7371A0367FB}.Release|Any CPU.Build.0 = Release|Any CPU
		{8294DD32-6ED9-4C79-B842-87825D36E371}.Debug|Any CPU.ActiveCfg = Debug|Any CPU
		{8294DD32-6ED9-4C79-B842-87825D36E371}.Debug|Any CPU.Build.0 = Debug|Any CPU
		{8294DD32-6ED9-4C79-B842-87825D36E371}.Release|Any CPU.ActiveCfg = Release|Any CPU
		{8294DD32-6ED9-4C79-B842-87825D36E371}.Release|Any CPU.Build.0 = Release|Any CPU
		{E04FC8C6-58BD-4B54-8B7C-5A4D703206B4}.Debug|Any CPU.ActiveCfg = Debug|Any CPU
		{E04FC8C6-58BD-4B54-8B7C-5A4D703206B4}.Debug|Any CPU.Build.0 = Debug|Any CPU
		{E04FC8C6-58BD-4B54-8B7C-5A4D703206B4}.Release|Any CPU.ActiveCfg = Release|Any CPU
		{E04FC8C6-58BD-4B54-8B7C-5A4D703206B4}.Release|Any CPU.Build.0 = Release|Any CPU
		{3C79E533-5AAD-4821-B352-C7C8967F2203}.Debug|Any CPU.ActiveCfg = Debug|Any CPU
		{3C79E533-5AAD-4821-B352-C7C8967F2203}.Debug|Any CPU.Build.0 = Debug|Any CPU
		{3C79E533-5AAD-4821-B352-C7C8967F2203}.Release|Any CPU.ActiveCfg = Release|Any CPU
		{3C79E533-5AAD-4821-B352-C7C8967F2203}.Release|Any CPU.Build.0 = Release|Any CPU
		{72A084D7-B975-4145-9F6B-5AE4A29D25CF}.Debug|Any CPU.ActiveCfg = Debug|Any CPU
		{72A084D7-B975-4145-9F6B-5AE4A29D25CF}.Debug|Any CPU.Build.0 = Debug|Any CPU
		{72A084D7-B975-4145-9F6B-5AE4A29D25CF}.Release|Any CPU.ActiveCfg = Release|Any CPU
		{72A084D7-B975-4145-9F6B-5AE4A29D25CF}.Release|Any CPU.Build.0 = Release|Any CPU
		{93B4A31A-45BB-4D36-A2EA-A41F42706E6A}.Debug|Any CPU.ActiveCfg = Debug|Any CPU
		{93B4A31A-45BB-4D36-A2EA-A41F42706E6A}.Debug|Any CPU.Build.0 = Debug|Any CPU
		{93B4A31A-45BB-4D36-A2EA-A41F42706E6A}.Release|Any CPU.ActiveCfg = Release|Any CPU
		{93B4A31A-45BB-4D36-A2EA-A41F42706E6A}.Release|Any CPU.Build.0 = Release|Any CPU
		{560B3C00-47C5-4613-9260-3580156DEBAA}.Debug|Any CPU.ActiveCfg = Debug|Any CPU
		{560B3C00-47C5-4613-9260-3580156DEBAA}.Debug|Any CPU.Build.0 = Debug|Any CPU
		{560B3C00-47C5-4613-9260-3580156DEBAA}.Release|Any CPU.ActiveCfg = Release|Any CPU
		{560B3C00-47C5-4613-9260-3580156DEBAA}.Release|Any CPU.Build.0 = Release|Any CPU
		{DB438F0E-0A80-4591-81C2-38B0E1027A0A}.Debug|Any CPU.ActiveCfg = Debug|Any CPU
		{DB438F0E-0A80-4591-81C2-38B0E1027A0A}.Debug|Any CPU.Build.0 = Debug|Any CPU
		{DB438F0E-0A80-4591-81C2-38B0E1027A0A}.Release|Any CPU.ActiveCfg = Release|Any CPU
		{DB438F0E-0A80-4591-81C2-38B0E1027A0A}.Release|Any CPU.Build.0 = Release|Any CPU
		{8C358381-2AB8-4207-8832-265D2214BE10}.Debug|Any CPU.ActiveCfg = Debug|Any CPU
		{8C358381-2AB8-4207-8832-265D2214BE10}.Debug|Any CPU.Build.0 = Debug|Any CPU
		{8C358381-2AB8-4207-8832-265D2214BE10}.Release|Any CPU.ActiveCfg = Release|Any CPU
		{8C358381-2AB8-4207-8832-265D2214BE10}.Release|Any CPU.Build.0 = Release|Any CPU
		{7A10E0E5-00C6-4337-985B-9DD15F8AF88D}.Debug|Any CPU.ActiveCfg = Debug|Any CPU
		{7A10E0E5-00C6-4337-985B-9DD15F8AF88D}.Debug|Any CPU.Build.0 = Debug|Any CPU
		{7A10E0E5-00C6-4337-985B-9DD15F8AF88D}.Release|Any CPU.ActiveCfg = Release|Any CPU
		{7A10E0E5-00C6-4337-985B-9DD15F8AF88D}.Release|Any CPU.Build.0 = Release|Any CPU
		{4F504093-C521-4453-AAA0-45A374498E7C}.Debug|Any CPU.ActiveCfg = Debug|Any CPU
		{4F504093-C521-4453-AAA0-45A374498E7C}.Debug|Any CPU.Build.0 = Debug|Any CPU
		{4F504093-C521-4453-AAA0-45A374498E7C}.Release|Any CPU.ActiveCfg = Release|Any CPU
		{4F504093-C521-4453-AAA0-45A374498E7C}.Release|Any CPU.Build.0 = Release|Any CPU
		{E6C48409-DE41-4E49-9CFC-106BBB0FB526}.Debug|Any CPU.ActiveCfg = Debug|Any CPU
		{E6C48409-DE41-4E49-9CFC-106BBB0FB526}.Debug|Any CPU.Build.0 = Debug|Any CPU
		{E6C48409-DE41-4E49-9CFC-106BBB0FB526}.Release|Any CPU.ActiveCfg = Release|Any CPU
		{E6C48409-DE41-4E49-9CFC-106BBB0FB526}.Release|Any CPU.Build.0 = Release|Any CPU
		{5CA63350-F83D-4DDB-BB1F-5770BDE2922B}.Debug|Any CPU.ActiveCfg = Debug|Any CPU
		{5CA63350-F83D-4DDB-BB1F-5770BDE2922B}.Debug|Any CPU.Build.0 = Debug|Any CPU
		{5CA63350-F83D-4DDB-BB1F-5770BDE2922B}.Release|Any CPU.ActiveCfg = Release|Any CPU
		{5CA63350-F83D-4DDB-BB1F-5770BDE2922B}.Release|Any CPU.Build.0 = Release|Any CPU
		{0E082345-AA0B-474C-B191-31C5AE1B2E5D}.Debug|Any CPU.ActiveCfg = Debug|Any CPU
		{0E082345-AA0B-474C-B191-31C5AE1B2E5D}.Debug|Any CPU.Build.0 = Debug|Any CPU
		{0E082345-AA0B-474C-B191-31C5AE1B2E5D}.Release|Any CPU.ActiveCfg = Release|Any CPU
		{0E082345-AA0B-474C-B191-31C5AE1B2E5D}.Release|Any CPU.Build.0 = Release|Any CPU
		{B6F42B0A-A0A8-4BB0-BCCE-3B55251EC6EA}.Debug|Any CPU.ActiveCfg = Debug|Any CPU
		{B6F42B0A-A0A8-4BB0-BCCE-3B55251EC6EA}.Debug|Any CPU.Build.0 = Debug|Any CPU
		{B6F42B0A-A0A8-4BB0-BCCE-3B55251EC6EA}.Release|Any CPU.ActiveCfg = Release|Any CPU
		{B6F42B0A-A0A8-4BB0-BCCE-3B55251EC6EA}.Release|Any CPU.Build.0 = Release|Any CPU
		{A92F69A8-61F2-48B2-9BA0-8744DF8EB3A5}.Debug|Any CPU.ActiveCfg = Debug|Any CPU
		{A92F69A8-61F2-48B2-9BA0-8744DF8EB3A5}.Debug|Any CPU.Build.0 = Debug|Any CPU
		{A92F69A8-61F2-48B2-9BA0-8744DF8EB3A5}.Release|Any CPU.ActiveCfg = Release|Any CPU
		{A92F69A8-61F2-48B2-9BA0-8744DF8EB3A5}.Release|Any CPU.Build.0 = Release|Any CPU
		{748BEB69-D118-4E17-BE0D-7F2899AF6D22}.Debug|Any CPU.ActiveCfg = Debug|Any CPU
		{748BEB69-D118-4E17-BE0D-7F2899AF6D22}.Debug|Any CPU.Build.0 = Debug|Any CPU
		{748BEB69-D118-4E17-BE0D-7F2899AF6D22}.Release|Any CPU.ActiveCfg = Release|Any CPU
		{748BEB69-D118-4E17-BE0D-7F2899AF6D22}.Release|Any CPU.Build.0 = Release|Any CPU
		{5204971E-57DB-498C-B6AB-2FC9359F83DC}.Debug|Any CPU.ActiveCfg = Debug|Any CPU
		{5204971E-57DB-498C-B6AB-2FC9359F83DC}.Debug|Any CPU.Build.0 = Debug|Any CPU
		{5204971E-57DB-498C-B6AB-2FC9359F83DC}.Release|Any CPU.ActiveCfg = Release|Any CPU
		{5204971E-57DB-498C-B6AB-2FC9359F83DC}.Release|Any CPU.Build.0 = Release|Any CPU
		{7B0FC86F-BEC8-4F68-95AD-371FD5767541}.Debug|Any CPU.ActiveCfg = Debug|Any CPU
		{7B0FC86F-BEC8-4F68-95AD-371FD5767541}.Debug|Any CPU.Build.0 = Debug|Any CPU
		{7B0FC86F-BEC8-4F68-95AD-371FD5767541}.Release|Any CPU.ActiveCfg = Release|Any CPU
		{7B0FC86F-BEC8-4F68-95AD-371FD5767541}.Release|Any CPU.Build.0 = Release|Any CPU
		{2A5D4EDE-7C1F-44CB-93A7-BD109CCC8171}.Debug|Any CPU.ActiveCfg = Debug|Any CPU
		{2A5D4EDE-7C1F-44CB-93A7-BD109CCC8171}.Debug|Any CPU.Build.0 = Debug|Any CPU
		{2A5D4EDE-7C1F-44CB-93A7-BD109CCC8171}.Release|Any CPU.ActiveCfg = Release|Any CPU
		{2A5D4EDE-7C1F-44CB-93A7-BD109CCC8171}.Release|Any CPU.Build.0 = Release|Any CPU
		{E06B24E9-9044-4912-B9BE-27D52037DC9E}.Debug|Any CPU.ActiveCfg = Debug|Any CPU
		{E06B24E9-9044-4912-B9BE-27D52037DC9E}.Debug|Any CPU.Build.0 = Debug|Any CPU
		{E06B24E9-9044-4912-B9BE-27D52037DC9E}.Release|Any CPU.ActiveCfg = Release|Any CPU
		{E06B24E9-9044-4912-B9BE-27D52037DC9E}.Release|Any CPU.Build.0 = Release|Any CPU
		{8C3F893E-B9E9-427E-BDE6-C2D37D986CCD}.Debug|Any CPU.ActiveCfg = Debug|Any CPU
		{8C3F893E-B9E9-427E-BDE6-C2D37D986CCD}.Debug|Any CPU.Build.0 = Debug|Any CPU
		{8C3F893E-B9E9-427E-BDE6-C2D37D986CCD}.Release|Any CPU.ActiveCfg = Release|Any CPU
		{8C3F893E-B9E9-427E-BDE6-C2D37D986CCD}.Release|Any CPU.Build.0 = Release|Any CPU
	EndGlobalSection
	GlobalSection(SolutionProperties) = preSolution
		HideSolutionNode = FALSE
	EndGlobalSection
	GlobalSection(NestedProjects) = preSolution
		{164A400E-A27C-4448-9D51-6E00E89C2DC0} = {FA29721B-25B1-4863-83D3-40BD8920EA32}
		{1C00BFFC-E8C8-4FC1-8B94-AC15C8638AB8} = {FA29721B-25B1-4863-83D3-40BD8920EA32}
		{4572A281-1882-44FA-AF6C-B30BF5049C27} = {3B76F4EA-6D19-4FC7-BE4D-AD7F690DE42A}
		{CBD78206-8C2F-4449-B058-153DE35F76CF} = {FA29721B-25B1-4863-83D3-40BD8920EA32}
		{23E2BA5E-405F-4081-9AA0-E7371A0367FB} = {3B76F4EA-6D19-4FC7-BE4D-AD7F690DE42A}
		{8294DD32-6ED9-4C79-B842-87825D36E371} = {3B76F4EA-6D19-4FC7-BE4D-AD7F690DE42A}
		{E04FC8C6-58BD-4B54-8B7C-5A4D703206B4} = {3B76F4EA-6D19-4FC7-BE4D-AD7F690DE42A}
		{3C79E533-5AAD-4821-B352-C7C8967F2203} = {FA29721B-25B1-4863-83D3-40BD8920EA32}
		{72A084D7-B975-4145-9F6B-5AE4A29D25CF} = {FA29721B-25B1-4863-83D3-40BD8920EA32}
		{93B4A31A-45BB-4D36-A2EA-A41F42706E6A} = {FA29721B-25B1-4863-83D3-40BD8920EA32}
		{560B3C00-47C5-4613-9260-3580156DEBAA} = {FA29721B-25B1-4863-83D3-40BD8920EA32}
		{DB438F0E-0A80-4591-81C2-38B0E1027A0A} = {3B76F4EA-6D19-4FC7-BE4D-AD7F690DE42A}
		{8C358381-2AB8-4207-8832-265D2214BE10} = {3B76F4EA-6D19-4FC7-BE4D-AD7F690DE42A}
		{7A10E0E5-00C6-4337-985B-9DD15F8AF88D} = {FA29721B-25B1-4863-83D3-40BD8920EA32}
		{4F504093-C521-4453-AAA0-45A374498E7C} = {FA29721B-25B1-4863-83D3-40BD8920EA32}
		{E6C48409-DE41-4E49-9CFC-106BBB0FB526} = {5B1B80E9-8AAF-4994-A88E-77C8375263C7}
		{5CA63350-F83D-4DDB-BB1F-5770BDE2922B} = {5B1B80E9-8AAF-4994-A88E-77C8375263C7}
		{0E082345-AA0B-474C-B191-31C5AE1B2E5D} = {5B1B80E9-8AAF-4994-A88E-77C8375263C7}
		{B6F42B0A-A0A8-4BB0-BCCE-3B55251EC6EA} = {B971B0DA-6EC9-45F9-9E77-4F2D4C0A45D9}
		{A92F69A8-61F2-48B2-9BA0-8744DF8EB3A5} = {B971B0DA-6EC9-45F9-9E77-4F2D4C0A45D9}
		{748BEB69-D118-4E17-BE0D-7F2899AF6D22} = {B971B0DA-6EC9-45F9-9E77-4F2D4C0A45D9}
		{5204971E-57DB-498C-B6AB-2FC9359F83DC} = {B971B0DA-6EC9-45F9-9E77-4F2D4C0A45D9}
		{7B0FC86F-BEC8-4F68-95AD-371FD5767541} = {B971B0DA-6EC9-45F9-9E77-4F2D4C0A45D9}
		{2A5D4EDE-7C1F-44CB-93A7-BD109CCC8171} = {B971B0DA-6EC9-45F9-9E77-4F2D4C0A45D9}
		{E06B24E9-9044-4912-B9BE-27D52037DC9E} = {B971B0DA-6EC9-45F9-9E77-4F2D4C0A45D9}
		{8C3F893E-B9E9-427E-BDE6-C2D37D986CCD} = {B971B0DA-6EC9-45F9-9E77-4F2D4C0A45D9}
	EndGlobalSection
	GlobalSection(ExtensibilityGlobals) = postSolution
		SolutionGuid = {4816BA65-92BF-4DC7-BDCC-D485F8EBD7B5}
	EndGlobalSection
EndGlobal
